
Microsoft Visual Studio Solution File, Format Version 12.00
# Visual Studio 15
VisualStudioVersion = 15.0.26228.9
MinimumVisualStudioVersion = 10.0.40219.1
Project("{FAE04EC0-301F-11D3-BF4B-00C04F79EFBC}") = "LLY.LifeTask", "LLY.LifeTask\LLY.LifeTask.csproj", "{7F6EDCC8-3B3D-4E76-A455-03E3CDEDB365}"
EndProject
Project("{FAE04EC0-301F-11D3-BF4B-00C04F79EFBC}") = "LLY.LifeTask.Office", "LLY.LifeTask.Office\LLY.LifeTask.Office.csproj", "{2E3ED67B-1C05-4D8A-9E12-44A8B275F310}"
EndProject
Global
	GlobalSection(SolutionConfigurationPlatforms) = preSolution
		Debug|Any CPU = Debug|Any CPU
		Release|Any CPU = Release|Any CPU
	EndGlobalSection
	GlobalSection(ProjectConfigurationPlatforms) = postSolution
		{7F6EDCC8-3B3D-4E76-A455-03E3CDEDB365}.Debug|Any CPU.ActiveCfg = Debug|Any CPU
		{7F6EDCC8-3B3D-4E76-A455-03E3CDEDB365}.Debug|Any CPU.Build.0 = Debug|Any CPU
		{7F6EDCC8-3B3D-4E76-A455-03E3CDEDB365}.Release|Any CPU.ActiveCfg = Release|Any CPU
		{7F6EDCC8-3B3D-4E76-A455-03E3CDEDB365}.Release|Any CPU.Build.0 = Release|Any CPU
		{2E3ED67B-1C05-4D8A-9E12-44A8B275F310}.Debug|Any CPU.ActiveCfg = Debug|Any CPU
		{2E3ED67B-1C05-4D8A-9E12-44A8B275F310}.Debug|Any CPU.Build.0 = Debug|Any CPU
		{2E3ED67B-1C05-4D8A-9E12-44A8B275F310}.Release|Any CPU.ActiveCfg = Release|Any CPU
		{2E3ED67B-1C05-4D8A-9E12-44A8B275F310}.Release|Any CPU.Build.0 = Release|Any CPU
	EndGlobalSection
	GlobalSection(SolutionProperties) = preSolution
		HideSolutionNode = FALSE
	EndGlobalSection
EndGlobal
