
Microsoft Visual Studio Solution File, Format Version 12.00
# Visual Studio 15
VisualStudioVersion = 15.0.26228.9
MinimumVisualStudioVersion = 10.0.40219.1
Project("{FAE04EC0-301F-11D3-BF4B-00C04F79EFBC}") = "LLY.LifeTask", "LLY.LifeTask\LLY.LifeTask.csproj", "{7F6EDCC8-3B3D-4E76-A455-03E3CDEDB365}"
EndProject
Project("{FAE04EC0-301F-11D3-BF4B-00C04F79EFBC}") = "LLY.LifeTask.Office", "LLY.LifeTask.Office\LLY.LifeTask.Office.csproj", "{2E3ED67B-1C05-4D8A-9E12-44A8B275F310}"
EndProject
Project("{2150E333-8FDC-42A3-9474-1A3956D46DE8}") = "UI", "UI", "{0AA6239B-BCE1-4980-8C94-D3E64CBA706B}"
EndProject
Project("{2150E333-8FDC-42A3-9474-1A3956D46DE8}") = "Service", "Service", "{03F37E88-9465-48B8-8DB7-B482E117098A}"
EndProject
Project("{2150E333-8FDC-42A3-9474-1A3956D46DE8}") = "Data", "Data", "{A418EFA9-9439-4EC3-B394-4AF44F0863C1}"
EndProject
Project("{2150E333-8FDC-42A3-9474-1A3956D46DE8}") = "DAL", "DAL", "{4A11E2FB-2DA2-4CF9-B2B7-C904424352FD}"
EndProject
Project("{2150E333-8FDC-42A3-9474-1A3956D46DE8}") = "Common", "Common", "{71D7A886-39A1-4AF5-B1CA-DC429657C181}"
EndProject
Project("{FAE04EC0-301F-11D3-BF4B-00C04F79EFBC}") = "LLY.LifeTask.Service", "LLY.LifeTask.Service\LLY.LifeTask.Service.csproj", "{1970C059-93DA-4202-BC13-EAAC3F4675F8}"
EndProject
Project("{FAE04EC0-301F-11D3-BF4B-00C04F79EFBC}") = "LLY.LifeTask.Common", "LLY.LifeTask.Common\LLY.LifeTask.Common.csproj", "{1C34A681-03AA-49CD-927B-411A44B76FA7}"
EndProject
Project("{FAE04EC0-301F-11D3-BF4B-00C04F79EFBC}") = "LLY.LifeTask.Model", "LLY.LifeTask.Model\LLY.LifeTask.Model.csproj", "{1DD52AC7-4687-4966-82BF-3BE9C5BD1AAF}"
EndProject
Project("{FAE04EC0-301F-11D3-BF4B-00C04F79EFBC}") = "LLY.LifeTask.Dapper", "LLY.LifeTask.Dapper\LLY.LifeTask.Dapper.csproj", "{06B1B3CC-C713-4897-B55E-BFEF115B54C0}"
EndProject
Project("{FAE04EC0-301F-11D3-BF4B-00C04F79EFBC}") = "LLY.LifeTask.EntityFramework", "LLY.LifeTask.EntityFramework\LLY.LifeTask.EntityFramework.csproj", "{E996957F-7AF8-4F45-8767-13BF9D41B2B3}"
EndProject
Project("{FAE04EC0-301F-11D3-BF4B-00C04F79EFBC}") = "LLY.LifeTask.Model.EntityFramework", "LLY.LifeTask.Model.EntityFramework\LLY.LifeTask.Model.EntityFramework.csproj", "{0ED2B28A-0613-4ADB-A775-2EB16EDBD473}"
EndProject
Project("{FAE04EC0-301F-11D3-BF4B-00C04F79EFBC}") = "LLY.LifeTask.MongoDB", "LLY.LifeTask.MongoDB\LLY.LifeTask.MongoDB.csproj", "{6D2E88BE-579F-4EF9-82EC-B00A099DADF5}"
EndProject
Global
	GlobalSection(SolutionConfigurationPlatforms) = preSolution
		Debug|Any CPU = Debug|Any CPU
		Release|Any CPU = Release|Any CPU
	EndGlobalSection
	GlobalSection(ProjectConfigurationPlatforms) = postSolution
		{7F6EDCC8-3B3D-4E76-A455-03E3CDEDB365}.Debug|Any CPU.ActiveCfg = Debug|Any CPU
		{7F6EDCC8-3B3D-4E76-A455-03E3CDEDB365}.Debug|Any CPU.Build.0 = Debug|Any CPU
		{7F6EDCC8-3B3D-4E76-A455-03E3CDEDB365}.Release|Any CPU.ActiveCfg = Release|Any CPU
		{7F6EDCC8-3B3D-4E76-A455-03E3CDEDB365}.Release|Any CPU.Build.0 = Release|Any CPU
		{2E3ED67B-1C05-4D8A-9E12-44A8B275F310}.Debug|Any CPU.ActiveCfg = Debug|Any CPU
		{2E3ED67B-1C05-4D8A-9E12-44A8B275F310}.Debug|Any CPU.Build.0 = Debug|Any CPU
		{2E3ED67B-1C05-4D8A-9E12-44A8B275F310}.Release|Any CPU.ActiveCfg = Release|Any CPU
		{2E3ED67B-1C05-4D8A-9E12-44A8B275F310}.Release|Any CPU.Build.0 = Release|Any CPU
		{1970C059-93DA-4202-BC13-EAAC3F4675F8}.Debug|Any CPU.ActiveCfg = Debug|Any CPU
		{1970C059-93DA-4202-BC13-EAAC3F4675F8}.Debug|Any CPU.Build.0 = Debug|Any CPU
		{1970C059-93DA-4202-BC13-EAAC3F4675F8}.Release|Any CPU.ActiveCfg = Release|Any CPU
		{1970C059-93DA-4202-BC13-EAAC3F4675F8}.Release|Any CPU.Build.0 = Release|Any CPU
		{1C34A681-03AA-49CD-927B-411A44B76FA7}.Debug|Any CPU.ActiveCfg = Debug|Any CPU
		{1C34A681-03AA-49CD-927B-411A44B76FA7}.Debug|Any CPU.Build.0 = Debug|Any CPU
		{1C34A681-03AA-49CD-927B-411A44B76FA7}.Release|Any CPU.ActiveCfg = Release|Any CPU
		{1C34A681-03AA-49CD-927B-411A44B76FA7}.Release|Any CPU.Build.0 = Release|Any CPU
		{1DD52AC7-4687-4966-82BF-3BE9C5BD1AAF}.Debug|Any CPU.ActiveCfg = Debug|Any CPU
		{1DD52AC7-4687-4966-82BF-3BE9C5BD1AAF}.Debug|Any CPU.Build.0 = Debug|Any CPU
		{1DD52AC7-4687-4966-82BF-3BE9C5BD1AAF}.Release|Any CPU.ActiveCfg = Release|Any CPU
		{1DD52AC7-4687-4966-82BF-3BE9C5BD1AAF}.Release|Any CPU.Build.0 = Release|Any CPU
		{06B1B3CC-C713-4897-B55E-BFEF115B54C0}.Debug|Any CPU.ActiveCfg = Debug|Any CPU
		{06B1B3CC-C713-4897-B55E-BFEF115B54C0}.Debug|Any CPU.Build.0 = Debug|Any CPU
		{06B1B3CC-C713-4897-B55E-BFEF115B54C0}.Release|Any CPU.ActiveCfg = Release|Any CPU
		{06B1B3CC-C713-4897-B55E-BFEF115B54C0}.Release|Any CPU.Build.0 = Release|Any CPU
		{E996957F-7AF8-4F45-8767-13BF9D41B2B3}.Debug|Any CPU.ActiveCfg = Debug|Any CPU
		{E996957F-7AF8-4F45-8767-13BF9D41B2B3}.Debug|Any CPU.Build.0 = Debug|Any CPU
		{E996957F-7AF8-4F45-8767-13BF9D41B2B3}.Release|Any CPU.ActiveCfg = Release|Any CPU
		{E996957F-7AF8-4F45-8767-13BF9D41B2B3}.Release|Any CPU.Build.0 = Release|Any CPU
		{0ED2B28A-0613-4ADB-A775-2EB16EDBD473}.Debug|Any CPU.ActiveCfg = Debug|Any CPU
		{0ED2B28A-0613-4ADB-A775-2EB16EDBD473}.Debug|Any CPU.Build.0 = Debug|Any CPU
		{0ED2B28A-0613-4ADB-A775-2EB16EDBD473}.Release|Any CPU.ActiveCfg = Release|Any CPU
		{0ED2B28A-0613-4ADB-A775-2EB16EDBD473}.Release|Any CPU.Build.0 = Release|Any CPU
		{6D2E88BE-579F-4EF9-82EC-B00A099DADF5}.Debug|Any CPU.ActiveCfg = Debug|Any CPU
		{6D2E88BE-579F-4EF9-82EC-B00A099DADF5}.Debug|Any CPU.Build.0 = Debug|Any CPU
		{6D2E88BE-579F-4EF9-82EC-B00A099DADF5}.Release|Any CPU.ActiveCfg = Release|Any CPU
		{6D2E88BE-579F-4EF9-82EC-B00A099DADF5}.Release|Any CPU.Build.0 = Release|Any CPU
	EndGlobalSection
	GlobalSection(SolutionProperties) = preSolution
		HideSolutionNode = FALSE
	EndGlobalSection
	GlobalSection(NestedProjects) = preSolution
		{7F6EDCC8-3B3D-4E76-A455-03E3CDEDB365} = {0AA6239B-BCE1-4980-8C94-D3E64CBA706B}
		{1970C059-93DA-4202-BC13-EAAC3F4675F8} = {03F37E88-9465-48B8-8DB7-B482E117098A}
		{1C34A681-03AA-49CD-927B-411A44B76FA7} = {71D7A886-39A1-4AF5-B1CA-DC429657C181}
		{1DD52AC7-4687-4966-82BF-3BE9C5BD1AAF} = {A418EFA9-9439-4EC3-B394-4AF44F0863C1}
		{06B1B3CC-C713-4897-B55E-BFEF115B54C0} = {4A11E2FB-2DA2-4CF9-B2B7-C904424352FD}
		{E996957F-7AF8-4F45-8767-13BF9D41B2B3} = {4A11E2FB-2DA2-4CF9-B2B7-C904424352FD}
		{0ED2B28A-0613-4ADB-A775-2EB16EDBD473} = {A418EFA9-9439-4EC3-B394-4AF44F0863C1}
		{6D2E88BE-579F-4EF9-82EC-B00A099DADF5} = {4A11E2FB-2DA2-4CF9-B2B7-C904424352FD}
	EndGlobalSection
EndGlobal
